
Microsoft Visual Studio Solution File, Format Version 12.00
# Visual Studio Version 17
VisualStudioVersion = 17.4.33213.308
MinimumVisualStudioVersion = 10.0.40219.1
Project("{FAE04EC0-301F-11D3-BF4B-00C04F79EFBC}") = "SnowflakeDemo", "SnowflakeDemo\SnowflakeDemo.csproj", "{8A6BF3E2-0F04-42A7-98A4-78AE3289C4CA}"
EndProject
Global
	GlobalSection(SolutionConfigurationPlatforms) = preSolution
		Debug|Any CPU = Debug|Any CPU
		Release|Any CPU = Release|Any CPU
	EndGlobalSection
	GlobalSection(ProjectConfigurationPlatforms) = postSolution
		{8A6BF3E2-0F04-42A7-98A4-78AE3289C4CA}.Debug|Any CPU.ActiveCfg = Debug|Any CPU
		{8A6BF3E2-0F04-42A7-98A4-78AE3289C4CA}.Debug|Any CPU.Build.0 = Debug|Any CPU
		{8A6BF3E2-0F04-42A7-98A4-78AE3289C4CA}.Release|Any CPU.ActiveCfg = Release|Any CPU
		{8A6BF3E2-0F04-42A7-98A4-78AE3289C4CA}.Release|Any CPU.Build.0 = Release|Any CPU
	EndGlobalSection
	GlobalSection(SolutionProperties) = preSolution
		HideSolutionNode = FALSE
	EndGlobalSection
	GlobalSection(ExtensibilityGlobals) = postSolution
		SolutionGuid = {13A2007B-0166-48A7-9DED-F9D30F2F5AB8}
	EndGlobalSection
EndGlobal
